{
  "name": "rivaltasulmincio",
  "version": "9.526",
  "lockfileVersion": 3,
  "requires": true,
  "packages": {
    "": {
      "name": "rivaltasulmincio",
      "version": "9.526",
      "dependencies": {
        "animejs": "^4.4.1",
        "swiper": "^12.1.4"
      }
    },
    "node_modules/animejs": {
      "version": "4.4.1",
      "resolved": "https://registry.npmjs.org/animejs/-/animejs-4.4.1.tgz",
      "integrity": "sha512-XimhJw4vPb6tAd6Zaoa6BaspJ8UteQMKvL7Pvrt6MW/6u2UvJs0TB/LLqR1sigaiYvpVPC3Tokr9emcCMhWFhw==",
      "license": "MIT",
      "funding": {
        "type": "github",
        "url": "https://github.com/sponsors/juliangarnier"
      }
    },
    "node_modules/swiper": {
      "version": "12.1.4",
      "resolved": "https://registry.npmjs.org/swiper/-/swiper-12.1.4.tgz",
      "integrity": "sha512-bihiwoKMOQwW8FfdUbo1DgkVH25E+4ZELIq0oopL1KTKBteLuaTMi/wwFjMxtlhTkk45k3XQ89D1Fvv0spSqBA==",
      "funding": [
        {
          "type": "custom",
          "url": "https://sponsors.nolimits4web.com"
        },
        {
          "type": "github",
          "url": "https://github.com/sponsors/nolimits4web"
        }
      ],
      "license": "MIT",
      "engines": {
        "node": ">= 4.7.0"
      }
    }
  }
}
